
Microsoft Visual Studio Solution File, Format Version 12.00
Project("{FAE04EC0-301F-11D3-BF4B-00C04F79EFBC}") = "OldResyslib", "OldResyslib\OldResyslib.csproj", "{90D8FD0A-A97D-4B2D-A61A-8E01BC82445B}"
EndProject
Project("{FAE04EC0-301F-11D3-BF4B-00C04F79EFBC}") = "Resyslib.Collections", "Resyslib.Collections\Resyslib.Collections.csproj", "{81E788D9-82A6-4A39-A295-C5698F35E386}"
EndProject
Project("{FAE04EC0-301F-11D3-BF4B-00C04F79EFBC}") = "Resyslib", "Resyslib\Resyslib.csproj", "{6E8DDDED-4A03-43AF-98A3-A574FCC2626A}"
EndProject
Project("{2150E333-8FDC-42A3-9474-1A3956D46DE8}") = "benchmarks", "benchmarks", "{B65C3E96-14E5-43CF-AF76-E4475DC41D52}"
EndProject
Project("{FAE04EC0-301F-11D3-BF4B-00C04F79EFBC}") = "Resyslib.Collections.Benchmarks", "..\benchmarks\Resyslib.Collections.Benchmarks\Resyslib.Collections.Benchmarks.csproj", "{B312F813-C49D-4581-916A-E6B5E94332DD}"
EndProject
Project("{2150E333-8FDC-42A3-9474-1A3956D46DE8}") = "src", "src", "{E1172947-86C8-4454-85B9-C8375895CBC2}"
EndProject
Global
	GlobalSection(SolutionConfigurationPlatforms) = preSolution
		Debug|Any CPU = Debug|Any CPU
		Release|Any CPU = Release|Any CPU
	EndGlobalSection
	GlobalSection(ProjectConfigurationPlatforms) = postSolution
		{90D8FD0A-A97D-4B2D-A61A-8E01BC82445B}.Debug|Any CPU.ActiveCfg = Debug|Any CPU
		{90D8FD0A-A97D-4B2D-A61A-8E01BC82445B}.Debug|Any CPU.Build.0 = Debug|Any CPU
		{90D8FD0A-A97D-4B2D-A61A-8E01BC82445B}.Release|Any CPU.ActiveCfg = Release|Any CPU
		{90D8FD0A-A97D-4B2D-A61A-8E01BC82445B}.Release|Any CPU.Build.0 = Release|Any CPU
		{81E788D9-82A6-4A39-A295-C5698F35E386}.Debug|Any CPU.ActiveCfg = Debug|Any CPU
		{81E788D9-82A6-4A39-A295-C5698F35E386}.Debug|Any CPU.Build.0 = Debug|Any CPU
		{81E788D9-82A6-4A39-A295-C5698F35E386}.Release|Any CPU.ActiveCfg = Release|Any CPU
		{81E788D9-82A6-4A39-A295-C5698F35E386}.Release|Any CPU.Build.0 = Release|Any CPU
		{6E8DDDED-4A03-43AF-98A3-A574FCC2626A}.Debug|Any CPU.ActiveCfg = Debug|Any CPU
		{6E8DDDED-4A03-43AF-98A3-A574FCC2626A}.Debug|Any CPU.Build.0 = Debug|Any CPU
		{6E8DDDED-4A03-43AF-98A3-A574FCC2626A}.Release|Any CPU.ActiveCfg = Release|Any CPU
		{6E8DDDED-4A03-43AF-98A3-A574FCC2626A}.Release|Any CPU.Build.0 = Release|Any CPU
		{B312F813-C49D-4581-916A-E6B5E94332DD}.Debug|Any CPU.ActiveCfg = Debug|Any CPU
		{B312F813-C49D-4581-916A-E6B5E94332DD}.Debug|Any CPU.Build.0 = Debug|Any CPU
		{B312F813-C49D-4581-916A-E6B5E94332DD}.Release|Any CPU.ActiveCfg = Release|Any CPU
		{B312F813-C49D-4581-916A-E6B5E94332DD}.Release|Any CPU.Build.0 = Release|Any CPU
	EndGlobalSection
	GlobalSection(NestedProjects) = preSolution
		{B312F813-C49D-4581-916A-E6B5E94332DD} = {B65C3E96-14E5-43CF-AF76-E4475DC41D52}
		{90D8FD0A-A97D-4B2D-A61A-8E01BC82445B} = {E1172947-86C8-4454-85B9-C8375895CBC2}
		{6E8DDDED-4A03-43AF-98A3-A574FCC2626A} = {E1172947-86C8-4454-85B9-C8375895CBC2}
		{81E788D9-82A6-4A39-A295-C5698F35E386} = {E1172947-86C8-4454-85B9-C8375895CBC2}
	EndGlobalSection
EndGlobal
