Microsoft Visual Studio Solution File, Format Version 12.00
Project("{FAE04EC0-301F-11D3-BF4B-00C04F79EFBC}") = "Resyslib.Collections", "Resyslib.Collections\Resyslib.Collections.csproj", "{81E788D9-82A6-4A39-A295-C5698F35E386}"
EndProject
Project("{FAE04EC0-301F-11D3-BF4B-00C04F79EFBC}") = "Resyslib", "Resyslib\Resyslib.csproj", "{6E8DDDED-4A03-43AF-98A3-A574FCC2626A}"
EndProject
Project("{2150E333-8FDC-42A3-9474-1A3956D46DE8}") = "src", "src", "{0B9E04F7-C1A0-4ED3-80CF-24E4B7D2CC36}"
EndProject
Project("{2150E333-8FDC-42A3-9474-1A3956D46DE8}") = "benchmarks", "benchmarks", "{03D7EAE1-A280-45C5-93C1-926218044F50}"
EndProject
Project("{FAE04EC0-301F-11D3-BF4B-00C04F79EFBC}") = "Resyslib.Collections.Benchmarks", "..\benchmarks\Resyslib.Collections.Benchmarks\Resyslib.Collections.Benchmarks.csproj", "{51EF9760-0621-4C7C-86A4-0330DCB93574}"
EndProject
Project("{2150E333-8FDC-42A3-9474-1A3956D46DE8}") = "experiments", "experiments", "{C0B3076E-151D-4A74-8DD5-24CE303FD5FD}"
EndProject
Project("{FAE04EC0-301F-11D3-BF4B-00C04F79EFBC}") = "Resyslib.Collections.Experiments", "..\experiments\Resyslib.Collections.Experiments\Resyslib.Collections.Experiments.csproj", "{027ACF0E-9E19-44BE-8E20-D395A590EBB2}"
EndProject
Project("{FAE04EC0-301F-11D3-BF4B-00C04F79EFBC}") = "AlastairLundy.Primitives", "AlastairLundy.Primitives\AlastairLundy.Primitives.csproj", "{41D0D48E-E5C7-49EA-8E05-3B8AC48CA919}"
EndProject
Global
	GlobalSection(SolutionConfigurationPlatforms) = preSolution
		Debug|Any CPU = Debug|Any CPU
		Release|Any CPU = Release|Any CPU
	EndGlobalSection
	GlobalSection(ProjectConfigurationPlatforms) = postSolution
		{81E788D9-82A6-4A39-A295-C5698F35E386}.Debug|Any CPU.ActiveCfg = Debug|Any CPU
		{81E788D9-82A6-4A39-A295-C5698F35E386}.Debug|Any CPU.Build.0 = Debug|Any CPU
		{81E788D9-82A6-4A39-A295-C5698F35E386}.Release|Any CPU.ActiveCfg = Release|Any CPU
		{81E788D9-82A6-4A39-A295-C5698F35E386}.Release|Any CPU.Build.0 = Release|Any CPU
		{6E8DDDED-4A03-43AF-98A3-A574FCC2626A}.Debug|Any CPU.ActiveCfg = Debug|Any CPU
		{6E8DDDED-4A03-43AF-98A3-A574FCC2626A}.Debug|Any CPU.Build.0 = Debug|Any CPU
		{6E8DDDED-4A03-43AF-98A3-A574FCC2626A}.Release|Any CPU.ActiveCfg = Release|Any CPU
		{6E8DDDED-4A03-43AF-98A3-A574FCC2626A}.Release|Any CPU.Build.0 = Release|Any CPU
		{51EF9760-0621-4C7C-86A4-0330DCB93574}.Debug|Any CPU.ActiveCfg = Debug|Any CPU
		{51EF9760-0621-4C7C-86A4-0330DCB93574}.Debug|Any CPU.Build.0 = Debug|Any CPU
		{51EF9760-0621-4C7C-86A4-0330DCB93574}.Release|Any CPU.ActiveCfg = Release|Any CPU
		{51EF9760-0621-4C7C-86A4-0330DCB93574}.Release|Any CPU.Build.0 = Release|Any CPU
		{027ACF0E-9E19-44BE-8E20-D395A590EBB2}.Debug|Any CPU.ActiveCfg = Debug|Any CPU
		{027ACF0E-9E19-44BE-8E20-D395A590EBB2}.Debug|Any CPU.Build.0 = Debug|Any CPU
		{027ACF0E-9E19-44BE-8E20-D395A590EBB2}.Release|Any CPU.ActiveCfg = Release|Any CPU
		{027ACF0E-9E19-44BE-8E20-D395A590EBB2}.Release|Any CPU.Build.0 = Release|Any CPU
		{41D0D48E-E5C7-49EA-8E05-3B8AC48CA919}.Debug|Any CPU.ActiveCfg = Debug|Any CPU
		{41D0D48E-E5C7-49EA-8E05-3B8AC48CA919}.Debug|Any CPU.Build.0 = Debug|Any CPU
		{41D0D48E-E5C7-49EA-8E05-3B8AC48CA919}.Release|Any CPU.ActiveCfg = Release|Any CPU
		{41D0D48E-E5C7-49EA-8E05-3B8AC48CA919}.Release|Any CPU.Build.0 = Release|Any CPU
	EndGlobalSection
	GlobalSection(NestedProjects) = preSolution
		{6E8DDDED-4A03-43AF-98A3-A574FCC2626A} = {0B9E04F7-C1A0-4ED3-80CF-24E4B7D2CC36}
		{81E788D9-82A6-4A39-A295-C5698F35E386} = {0B9E04F7-C1A0-4ED3-80CF-24E4B7D2CC36}
		{51EF9760-0621-4C7C-86A4-0330DCB93574} = {03D7EAE1-A280-45C5-93C1-926218044F50}
		{027ACF0E-9E19-44BE-8E20-D395A590EBB2} = {C0B3076E-151D-4A74-8DD5-24CE303FD5FD}
		{41D0D48E-E5C7-49EA-8E05-3B8AC48CA919} = {0B9E04F7-C1A0-4ED3-80CF-24E4B7D2CC36}
	EndGlobalSection
EndGlobal
